
Microsoft Visual Studio Solution File, Format Version 11.00
# Visual Studio 2010
Project("{FAE04EC0-301F-11D3-BF4B-00C04F79EFBC}") = "CanvasAndUnityEvents", "Assembly-CSharp-firstpass.csproj", "{622C1FC3-8901-AB96-4218-7D1FE365955F}"
EndProject
Project("{FAE04EC0-301F-11D3-BF4B-00C04F79EFBC}") = "CanvasAndUnityEvents", "Assembly-CSharp.csproj", "{6CA855B1-9BB6-B1EE-2467-5A0D5337FB46}"
EndProject
Project("{FAE04EC0-301F-11D3-BF4B-00C04F79EFBC}") = "CanvasAndUnityEvents", "Assembly-CSharp-Editor-firstpass.csproj", "{54BA8CFE-62B4-F712-408A-56F372DDB6C6}"
EndProject
Global
	GlobalSection(SolutionConfigurationPlatforms) = preSolution
		Debug|Any CPU = Debug|Any CPU
		Release|Any CPU = Release|Any CPU
	EndGlobalSection
	GlobalSection(ProjectConfigurationPlatforms) = postSolution
		{622C1FC3-8901-AB96-4218-7D1FE365955F}.Debug|Any CPU.ActiveCfg = Debug|Any CPU
		{622C1FC3-8901-AB96-4218-7D1FE365955F}.Debug|Any CPU.Build.0 = Debug|Any CPU
		{622C1FC3-8901-AB96-4218-7D1FE365955F}.Release|Any CPU.ActiveCfg = Release|Any CPU
		{622C1FC3-8901-AB96-4218-7D1FE365955F}.Release|Any CPU.Build.0 = Release|Any CPU
		{6CA855B1-9BB6-B1EE-2467-5A0D5337FB46}.Debug|Any CPU.ActiveCfg = Debug|Any CPU
		{6CA855B1-9BB6-B1EE-2467-5A0D5337FB46}.Debug|Any CPU.Build.0 = Debug|Any CPU
		{6CA855B1-9BB6-B1EE-2467-5A0D5337FB46}.Release|Any CPU.ActiveCfg = Release|Any CPU
		{6CA855B1-9BB6-B1EE-2467-5A0D5337FB46}.Release|Any CPU.Build.0 = Release|Any CPU
		{54BA8CFE-62B4-F712-408A-56F372DDB6C6}.Debug|Any CPU.ActiveCfg = Debug|Any CPU
		{54BA8CFE-62B4-F712-408A-56F372DDB6C6}.Debug|Any CPU.Build.0 = Debug|Any CPU
		{54BA8CFE-62B4-F712-408A-56F372DDB6C6}.Release|Any CPU.ActiveCfg = Release|Any CPU
		{54BA8CFE-62B4-F712-408A-56F372DDB6C6}.Release|Any CPU.Build.0 = Release|Any CPU
	EndGlobalSection
	GlobalSection(SolutionProperties) = preSolution
		HideSolutionNode = FALSE
	EndGlobalSection
	GlobalSection(MonoDevelopProperties) = preSolution
		StartupItem = Assembly-CSharp.csproj
	EndGlobalSection
EndGlobal
